
Microsoft Visual Studio Solution File, Format Version 12.00
# Visual Studio Version 17
VisualStudioVersion = 17.9.34714.143
MinimumVisualStudioVersion = 10.0.40219.1
Project("{9A19103F-16F7-4668-BE54-9A1E7A4F7556}") = "NhaKhoaQuangVu", "NhaKhoaQuangVu.csproj", "{B022E89F-9766-4C7C-A6A9-6A73161FFBDE}"
EndProject
Global
	GlobalSection(SolutionConfigurationPlatforms) = preSolution
		Debug|Any CPU = Debug|Any CPU
		Release|Any CPU = Release|Any CPU
	EndGlobalSection
	GlobalSection(ProjectConfigurationPlatforms) = postSolution
		{B022E89F-9766-4C7C-A6A9-6A73161FFBDE}.Debug|Any CPU.ActiveCfg = Debug|Any CPU
		{B022E89F-9766-4C7C-A6A9-6A73161FFBDE}.Debug|Any CPU.Build.0 = Debug|Any CPU
		{B022E89F-9766-4C7C-A6A9-6A73161FFBDE}.Release|Any CPU.ActiveCfg = Release|Any CPU
		{B022E89F-9766-4C7C-A6A9-6A73161FFBDE}.Release|Any CPU.Build.0 = Release|Any CPU
	EndGlobalSection
	GlobalSection(SolutionProperties) = preSolution
		HideSolutionNode = FALSE
	EndGlobalSection
	GlobalSection(ExtensibilityGlobals) = postSolution
		SolutionGuid = {CDEA7685-FA86-42DE-85B4-F348C26200DF}
	EndGlobalSection
EndGlobal
